
Microsoft Visual Studio Solution File, Format Version 12.00
# Visual Studio Version 16
VisualStudioVersion = 16.0.31829.152
MinimumVisualStudioVersion = 10.0.40219.1
Project("{FAE04EC0-301F-11D3-BF4B-00C04F79EFBC}") = "VS20.1.1", "VS20.1.1\VS20.1.1.csproj", "{0F527060-7BFA-4507-916C-BE33C3B60AF6}"
EndProject
Global
	GlobalSection(SolutionConfigurationPlatforms) = preSolution
		Debug|Any CPU = Debug|Any CPU
		Release|Any CPU = Release|Any CPU
	EndGlobalSection
	GlobalSection(ProjectConfigurationPlatforms) = postSolution
		{0F527060-7BFA-4507-916C-BE33C3B60AF6}.Debug|Any CPU.ActiveCfg = Debug|Any CPU
		{0F527060-7BFA-4507-916C-BE33C3B60AF6}.Debug|Any CPU.Build.0 = Debug|Any CPU
		{0F527060-7BFA-4507-916C-BE33C3B60AF6}.Release|Any CPU.ActiveCfg = Release|Any CPU
		{0F527060-7BFA-4507-916C-BE33C3B60AF6}.Release|Any CPU.Build.0 = Release|Any CPU
	EndGlobalSection
	GlobalSection(SolutionProperties) = preSolution
		HideSolutionNode = FALSE
	EndGlobalSection
	GlobalSection(ExtensibilityGlobals) = postSolution
		SolutionGuid = {7FEEBF48-0899-4E5D-9900-78591C46361B}
	EndGlobalSection
EndGlobal
